
Microsoft Visual Studio Solution File, Format Version 12.00
# Visual Studio Version 17
VisualStudioVersion = 17.5.33530.505
MinimumVisualStudioVersion = 10.0.40219.1
Project("{FAE04EC0-301F-11D3-BF4B-00C04F79EFBC}") = "PointOfSale", "PointOfSale\PointOfSale.csproj", "{5D49C719-1F02-43EF-B57E-D039C5AF7254}"
EndProject
Global
	GlobalSection(SolutionConfigurationPlatforms) = preSolution
		Debug|Any CPU = Debug|Any CPU
		Release|Any CPU = Release|Any CPU
	EndGlobalSection
	GlobalSection(ProjectConfigurationPlatforms) = postSolution
		{5D49C719-1F02-43EF-B57E-D039C5AF7254}.Debug|Any CPU.ActiveCfg = Debug|Any CPU
		{5D49C719-1F02-43EF-B57E-D039C5AF7254}.Debug|Any CPU.Build.0 = Debug|Any CPU
		{5D49C719-1F02-43EF-B57E-D039C5AF7254}.Release|Any CPU.ActiveCfg = Release|Any CPU
		{5D49C719-1F02-43EF-B57E-D039C5AF7254}.Release|Any CPU.Build.0 = Release|Any CPU
	EndGlobalSection
	GlobalSection(SolutionProperties) = preSolution
		HideSolutionNode = FALSE
	EndGlobalSection
	GlobalSection(ExtensibilityGlobals) = postSolution
		SolutionGuid = {3BCE3A64-8525-4937-A189-D0D9CD97C521}
	EndGlobalSection
EndGlobal
