
Microsoft Visual Studio Solution File, Format Version 12.00
# Visual Studio Version 17
VisualStudioVersion = 17.5.33530.505
MinimumVisualStudioVersion = 10.0.40219.1
Project("{2150E333-8FDC-42A3-9474-1A3956D46DE8}") = "WinForms", "WinForms", "{13FF7420-4145-4CA8-B141-35969A189992}"
EndProject
Project("{9A19103F-16F7-4668-BE54-9A1E7A4F7556}") = "PointOfSaleWinFormsUI", "WinForms\PointOfSaleWinFormsUI\PointOfSaleWinFormsUI.csproj", "{F2E37D72-97FD-4621-ACB6-DC32DF82EAEE}"
EndProject
Project("{FAE04EC0-301F-11D3-BF4B-00C04F79EFBC}") = "PointOfSaleWinFormsLibrary", "WinForms\PointOfSaleWinFormsLibrary\PointOfSaleWinFormsLibrary.csproj", "{D5297A4F-AC77-4208-A809-6288EF84FB31}"
EndProject
Global
	GlobalSection(SolutionConfigurationPlatforms) = preSolution
		Debug|Any CPU = Debug|Any CPU
		Release|Any CPU = Release|Any CPU
	EndGlobalSection
	GlobalSection(ProjectConfigurationPlatforms) = postSolution
		{F2E37D72-97FD-4621-ACB6-DC32DF82EAEE}.Debug|Any CPU.ActiveCfg = Debug|Any CPU
		{F2E37D72-97FD-4621-ACB6-DC32DF82EAEE}.Debug|Any CPU.Build.0 = Debug|Any CPU
		{F2E37D72-97FD-4621-ACB6-DC32DF82EAEE}.Release|Any CPU.ActiveCfg = Release|Any CPU
		{F2E37D72-97FD-4621-ACB6-DC32DF82EAEE}.Release|Any CPU.Build.0 = Release|Any CPU
		{D5297A4F-AC77-4208-A809-6288EF84FB31}.Debug|Any CPU.ActiveCfg = Debug|Any CPU
		{D5297A4F-AC77-4208-A809-6288EF84FB31}.Debug|Any CPU.Build.0 = Debug|Any CPU
		{D5297A4F-AC77-4208-A809-6288EF84FB31}.Release|Any CPU.ActiveCfg = Release|Any CPU
		{D5297A4F-AC77-4208-A809-6288EF84FB31}.Release|Any CPU.Build.0 = Release|Any CPU
	EndGlobalSection
	GlobalSection(SolutionProperties) = preSolution
		HideSolutionNode = FALSE
	EndGlobalSection
	GlobalSection(NestedProjects) = preSolution
		{F2E37D72-97FD-4621-ACB6-DC32DF82EAEE} = {13FF7420-4145-4CA8-B141-35969A189992}
		{D5297A4F-AC77-4208-A809-6288EF84FB31} = {13FF7420-4145-4CA8-B141-35969A189992}
	EndGlobalSection
	GlobalSection(ExtensibilityGlobals) = postSolution
		SolutionGuid = {F2EC4F4E-F26B-4A52-85F7-EBEDC11FEC0D}
	EndGlobalSection
EndGlobal
